// !$*UTF8*$!
{
	archiveVersion = 1;
	classes = {
	};
	objectVersion = 50;
	objects = {

/* Begin PBXBuildFile section */
		CEDC3CF82295662B007E40BC /* AppDelegate.swift in Sources */ = {isa = PBXBuildFile; fileRef = CEDC3CF72295662B007E40BC /* AppDelegate.swift */; };
		CEDC3CFD2295662B007E40BC /* Main.storyboard in Resources */ = {isa = PBXBuildFile; fileRef = CEDC3CFB2295662B007E40BC /* Main.storyboard */; };
		CEDC3CFF2295662C007E40BC /* Assets.xcassets in Resources */ = {isa = PBXBuildFile; fileRef = CEDC3CFE2295662C007E40BC /* Assets.xcassets */; };
		CEDC3D022295662C007E40BC /* LaunchScreen.storyboard in Resources */ = {isa = PBXBuildFile; fileRef = CEDC3D002295662C007E40BC /* LaunchScreen.storyboard */; };
		CEDC3D0A2295680E007E40BC /* TableViewController.swift in Sources */ = {isa = PBXBuildFile; fileRef = CEDC3D092295680E007E40BC /* TableViewController.swift */; };
		CEDC3D0C2295682E007E40BC /* UnwindViewController.swift in Sources */ = {isa = PBXBuildFile; fileRef = CEDC3D0B2295682D007E40BC /* UnwindViewController.swift */; };
/* End PBXBuildFile section */

/* Begin PBXFileReference section */
		CEDC3CF42295662B007E40BC /* UnWindSegueDEmo.app */ = {isa = PBXFileReference; explicitFileType = wrapper.application; includeInIndex = 0; path = UnWindSegueDEmo.app; sourceTree = BUILT_PRODUCTS_DIR; };
		CEDC3CF72295662B007E40BC /* AppDelegate.swift */ = {isa = PBXFileReference; lastKnownFileType = sourcecode.swift; path = AppDelegate.swift; sourceTree = "<group>"; };
		CEDC3CFC2295662B007E40BC /* Base */ = {isa = PBXFileReference; lastKnownFileType = file.storyboard; name = Base; path = Base.lproj/Main.storyboard; sourceTree = "<group>"; };
		CEDC3CFE2295662C007E40BC /* Assets.xcassets */ = {isa = PBXFileReference; lastKnownFileType = folder.assetcatalog; path = Assets.xcassets; sourceTree = "<group>"; };
		CEDC3D012295662C007E40BC /* Base */ = {isa = PBXFileReference; lastKnownFileType = file.storyboard; name = Base; path = Base.lproj/LaunchScreen.storyboard; sourceTree = "<group>"; };
		CEDC3D032295662C007E40BC /* Info.plist */ = {isa = PBXFileReference; lastKnownFileType = text.plist.xml; path = Info.plist; sourceTree = "<group>"; };
		CEDC3D092295680E007E40BC /* TableViewController.swift */ = {isa = PBXFileReference; lastKnownFileType = sourcecode.swift; path = TableViewController.swift; sourceTree = "<group>"; };
		CEDC3D0B2295682D007E40BC /* UnwindViewController.swift */ = {isa = PBXFileReference; lastKnownFileType = sourcecode.swift; path = UnwindViewController.swift; sourceTree = "<group>"; };
/* End PBXFileReference section */

/* Begin PBXFrameworksBuildPhase section */
		CEDC3CF12295662B007E40BC /* Frameworks */ = {
			isa = PBXFrameworksBuildPhase;
			buildActionMask = 2147483647;
			files = (
			);
			runOnlyForDeploymentPostprocessing = 0;
		};
/* End PBXFrameworksBuildPhase section */

/* Begin PBXGroup section */
		CEDC3CEB2295662B007E40BC = {
			isa = PBXGroup;
			children = (
				CEDC3CF62295662B007E40BC /* UnWindSegueDEmo */,
				CEDC3CF52295662B007E40BC /* Products */,
			);
			sourceTree = "<group>";
		};
		CEDC3CF52295662B007E40BC /* Products */ = {
			isa = PBXGroup;
			children = (
				CEDC3CF42295662B007E40BC /* UnWindSegueDEmo.app */,
			);
			name = Products;
			sourceTree = "<group>";
		};
		CEDC3CF62295662B007E40BC /* UnWindSegueDEmo */ = {
			isa = PBXGroup;
			children = (
				CEDC3CF72295662B007E40BC /* AppDelegate.swift */,
				CEDC3D0B2295682D007E40BC /* UnwindViewController.swift */,
				CEDC3D092295680E007E40BC /* TableViewController.swift */,
				CEDC3CFB2295662B007E40BC /* Main.storyboard */,
				CEDC3CFE2295662C007E40BC /* Assets.xcassets */,
				CEDC3D002295662C007E40BC /* LaunchScreen.storyboard */,
				CEDC3D032295662C007E40BC /* Info.plist */,
			);
			path = UnWindSegueDEmo;
			sourceTree = "<group>";
		};
/* End PBXGroup section */

/* Begin PBXNativeTarget section */
		CEDC3CF32295662B007E40BC /* UnWindSegueDEmo */ = {
			isa = PBXNativeTarget;
			buildConfigurationList = CEDC3D062295662C007E40BC /* Build configuration list for PBXNativeTarget "UnWindSegueDEmo" */;
			buildPhases = (
				CEDC3CF02295662B007E40BC /* Sources */,
				CEDC3CF12295662B007E40BC /* Frameworks */,
				CEDC3CF22295662B007E40BC /* Resources */,
			);
			buildRules = (
			);
			dependencies = (
			);
			name = UnWindSegueDEmo;
			productName = UnWindSegueDEmo;
			productReference = CEDC3CF42295662B007E40BC /* UnWindSegueDEmo.app */;
			productType = "com.apple.product-type.application";
		};
/* End PBXNativeTarget section */

/* Begin PBXProject section */
		CEDC3CEC2295662B007E40BC /* Project object */ = {
			isa = PBXProject;
			attributes = {
				LastSwiftUpdateCheck = 1020;
				LastUpgradeCheck = 1020;
				ORGANIZATIONNAME = User;
				TargetAttributes = {
					CEDC3CF32295662B007E40BC = {
						CreatedOnToolsVersion = 10.2.1;
					};
				};
			};
			buildConfigurationList = CEDC3CEF2295662B007E40BC /* Build configuration list for PBXProject "UnWindSegueDEmo" */;
			compatibilityVersion = "Xcode 9.3";
			developmentRegion = en;
			hasScannedForEncodings = 0;
			knownRegions = (
				en,
				Base,
			);
			mainGroup = CEDC3CEB2295662B007E40BC;
			productRefGroup = CEDC3CF52295662B007E40BC /* Products */;
			projectDirPath = "";
			projectRoot = "";
			targets = (
				CEDC3CF32295662B007E40BC /* UnWindSegueDEmo */,
			);
		};
/* End PBXProject section */

/* Begin PBXResourcesBuildPhase section */
		CEDC3CF22295662B007E40BC /* Resources */ = {
			isa = PBXResourcesBuildPhase;
			buildActionMask = 2147483647;
			files = (
				CEDC3D022295662C007E40BC /* LaunchScreen.storyboard in Resources */,
				CEDC3CFF2295662C007E40BC /* Assets.xcassets in Resources */,
				CEDC3CFD2295662B007E40BC /* Main.storyboard in Resources */,
			);
			runOnlyForDeploymentPostprocessing = 0;
		};
/* End PBXResourcesBuildPhase section */

/* Begin PBXSourcesBuildPhase section */
		CEDC3CF02295662B007E40BC /* Sources */ = {
			isa = PBXSourcesBuildPhase;
			buildActionMask = 2147483647;
			files = (
				CEDC3D0C2295682E007E40BC /* UnwindViewController.swift in Sources */,
				CEDC3CF82295662B007E40BC /* AppDelegate.swift in Sources */,
				CEDC3D0A2295680E007E40BC /* TableViewController.swift in Sources */,
			);
			runOnlyForDeploymentPostprocessing = 0;
		};
/* End PBXSourcesBuildPhase section */

/* Begin PBXVariantGroup section */
		CEDC3CFB2295662B007E40BC /* Main.storyboard */ = {
			isa = PBXVariantGroup;
			children = (
				CEDC3CFC2295662B007E40BC /* Base */,
			);
			name = Main.storyboard;
			sourceTree = "<group>";
		};
		CEDC3D002295662C007E40BC /* LaunchScreen.storyboard */ = {
			isa = PBXVariantGroup;
			children = (
				CEDC3D012295662C007E40BC /* Base */,
			);
			name = LaunchScreen.storyboard;
			sourceTree = "<group>";
		};
/* End PBXVariantGroup section */

/* Begin XCBuildConfiguration section */
		CEDC3D042295662C007E40BC /* Debug */ = {
			isa = XCBuildConfiguration;
			buildSettings = {
				ALWAYS_SEARCH_USER_PATHS = NO;
				CLANG_ANALYZER_NONNULL = YES;
				CLANG_ANALYZER_NUMBER_OBJECT_CONVERSION = YES_AGGRESSIVE;
				CLANG_CXX_LANGUAGE_STANDARD = "gnu++14";
				CLANG_CXX_LIBRARY = "libc++";
				CLANG_ENABLE_MODULES = YES;
				CLANG_ENABLE_OBJC_ARC = YES;
				CLANG_ENABLE_OBJC_WEAK = YES;
				CLANG_WARN_BLOCK_CAPTURE_AUTORELEASING = YES;
				CLANG_WARN_BOOL_CONVERSION = YES;
				CLANG_WARN_COMMA = YES;
				CLANG_WARN_CONSTANT_CONVERSION = YES;
				CLANG_WARN_DEPRECATED_OBJC_IMPLEMENTATIONS = YES;
				CLANG_WARN_DIRECT_OBJC_ISA_USAGE = YES_ERROR;
				CLANG_WARN_DOCUMENTATION_COMMENTS = YES;
				CLANG_WARN_EMPTY_BODY = YES;
				CLANG_WARN_ENUM_CONVERSION = YES;
				CLANG_WARN_INFINITE_RECURSION = YES;
				CLANG_WARN_INT_CONVERSION = YES;
				CLANG_WARN_NON_LITERAL_NULL_CONVERSION = YES;
				CLANG_WARN_OBJC_IMPLICIT_RETAIN_SELF = YES;
				CLANG_WARN_OBJC_LITERAL_CONVERSION = YES;
				CLANG_WARN_OBJC_ROOT_CLASS = YES_ERROR;
				CLANG_WARN_RANGE_LOOP_ANALYSIS = YES;
				CLANG_WARN_STRICT_PROTOTYPES = YES;
				CLANG_WARN_SUSPICIOUS_MOVE = YES;
				CLANG_WARN_UNGUARDED_AVAILABILITY = YES_AGGRESSIVE;
				CLANG_WARN_UNREACHABLE_CODE = YES;
				CLANG_WARN__DUPLICATE_METHOD_MATCH = YES;
				CODE_SIGN_IDENTITY = "iPhone Developer";
				COPY_PHASE_STRIP = NO;
				DEBUG_INFORMATION_FORMAT = dwarf;
				ENABLE_STRICT_OBJC_MSGSEND = YES;
				ENABLE_TESTABILITY = YES;
				GCC_C_LANGUAGE_STANDARD = gnu11;
				GCC_DYNAMIC_NO_PIC = NO;
				GCC_NO_COMMON_BLOCKS = YES;
				GCC_OPTIMIZATION_LEVEL = 0;
				GCC_PREPROCESSOR_DEFINITIONS = (
					"DEBUG=1",
					"$(inherited)",
				);
				GCC_WARN_64_TO_32_BIT_CONVERSION = YES;
				GCC_WARN_ABOUT_RETURN_TYPE = YES_ERROR;
				GCC_WARN_UNDECLARED_SELECTOR = YES;
				GCC_WARN_UNINITIALIZED_AUTOS = YES_AGGRESSIVE;
				GCC_WARN_UNUSED_FUNCTION = YES;
				GCC_WARN_UNUSED_VARIABLE = YES;
				IPHONEOS_DEPLOYMENT_TARGET = 12.2;
				MTL_ENABLE_DEBUG_INFO = INCLUDE_SOURCE;
				MTL_FAST_MATH = YES;
				ONLY_ACTIVE_ARCH = YES;
				SDKROOT = iphoneos;
				SWIFT_ACTIVE_COMPILATION_CONDITIONS = DEBUG;
				SWIFT_OPTIMIZATION_LEVEL = "-Onone";
			};
			name = Debug;
		};
		CEDC3D052295662C007E40BC /* Release */ = {
			isa = XCBuildConfiguration;
			buildSettings = {
				ALWAYS_SEARCH_USER_PATHS = NO;
				CLANG_ANALYZER_NONNULL = YES;
				CLANG_ANALYZER_NUMBER_OBJECT_CONVERSION = YES_AGGRESSIVE;
				CLANG_CXX_LANGUAGE_STANDARD = "gnu++14";
				CLANG_CXX_LIBRARY = "libc++";
				CLANG_ENABLE_MODULES = YES;
				CLANG_ENABLE_OBJC_ARC = YES;
				CLANG_ENABLE_OBJC_WEAK = YES;
				CLANG_WARN_BLOCK_CAPTURE_AUTORELEASING = YES;
				CLANG_WARN_BOOL_CONVERSION = YES;
				CLANG_WARN_COMMA = YES;
				CLANG_WARN_CONSTANT_CONVERSION = YES;
				CLANG_WARN_DEPRECATED_OBJC_IMPLEMENTATIONS = YES;
				CLANG_WARN_DIRECT_OBJC_ISA_USAGE = YES_ERROR;
				CLANG_WARN_DOCUMENTATION_COMMENTS = YES;
				CLANG_WARN_EMPTY_BODY = YES;
				CLANG_WARN_ENUM_CONVERSION = YES;
				CLANG_WARN_INFINITE_RECURSION = YES;
				CLANG_WARN_INT_CONVERSION = YES;
				CLANG_WARN_NON_LITERAL_NULL_CONVERSION = YES;
				CLANG_WARN_OBJC_IMPLICIT_RETAIN_SELF = YES;
				CLANG_WARN_OBJC_LITERAL_CONVERSION = YES;
				CLANG_WARN_OBJC_ROOT_CLASS = YES_ERROR;
				CLANG_WARN_RANGE_LOOP_ANALYSIS = YES;
				CLANG_WARN_STRICT_PROTOTYPES = YES;
				CLANG_WARN_SUSPICIOUS_MOVE = YES;
				CLANG_WARN_UNGUARDED_AVAILABILITY = YES_AGGRESSIVE;
				CLANG_WARN_UNREACHABLE_CODE = YES;
				CLANG_WARN__DUPLICATE_METHOD_MATCH = YES;
				CODE_SIGN_IDENTITY = "iPhone Developer";
				COPY_PHASE_STRIP = NO;
				DEBUG_INFORMATION_FORMAT = "dwarf-with-dsym";
				ENABLE_NS_ASSERTIONS = NO;
				ENABLE_STRICT_OBJC_MSGSEND = YES;
				GCC_C_LANGUAGE_STANDARD = gnu11;
				GCC_NO_COMMON_BLOCKS = YES;
				GCC_WARN_64_TO_32_BIT_CONVERSION = YES;
				GCC_WARN_ABOUT_RETURN_TYPE = YES_ERROR;
				GCC_WARN_UNDECLARED_SELECTOR = YES;
				GCC_WARN_UNINITIALIZED_AUTOS = YES_AGGRESSIVE;
				GCC_WARN_UNUSED_FUNCTION = YES;
				GCC_WARN_UNUSED_VARIABLE = YES;
				IPHONEOS_DEPLOYMENT_TARGET = 12.2;
				MTL_ENABLE_DEBUG_INFO = NO;
				MTL_FAST_MATH = YES;
				SDKROOT = iphoneos;
				SWIFT_COMPILATION_MODE = wholemodule;
				SWIFT_OPTIMIZATION_LEVEL = "-O";
				VALIDATE_PRODUCT = YES;
			};
			name = Release;
		};
		CEDC3D072295662C007E40BC /* Debug */ = {
			isa = XCBuildConfiguration;
			buildSettings = {
				ASSETCATALOG_COMPILER_APPICON_NAME = AppIcon;
				CODE_SIGN_STYLE = Automatic;
				INFOPLIST_FILE = UnWindSegueDEmo/Info.plist;
				LD_RUNPATH_SEARCH_PATHS = (
					"$(inherited)",
					"@executable_path/Frameworks",
				);
				PRODUCT_BUNDLE_IDENTIFIER = com.beautosys.UnWindSegueDEmo;
				PRODUCT_NAME = "$(TARGET_NAME)";
				SWIFT_VERSION = 5.0;
				TARGETED_DEVICE_FAMILY = "1,2";
			};
			name = Debug;
		};
		CEDC3D082295662C007E40BC /* Release */ = {
			isa = XCBuildConfiguration;
			buildSettings = {
				ASSETCATALOG_COMPILER_APPICON_NAME = AppIcon;
				CODE_SIGN_STYLE = Automatic;
				INFOPLIST_FILE = UnWindSegueDEmo/Info.plist;
				LD_RUNPATH_SEARCH_PATHS = (
					"$(inherited)",
					"@executable_path/Frameworks",
				);
				PRODUCT_BUNDLE_IDENTIFIER = com.beautosys.UnWindSegueDEmo;
				PRODUCT_NAME = "$(TARGET_NAME)";
				SWIFT_VERSION = 5.0;
				TARGETED_DEVICE_FAMILY = "1,2";
			};
			name = Release;
		};
/* End XCBuildConfiguration section */

/* Begin XCConfigurationList section */
		CEDC3CEF2295662B007E40BC /* Build configuration list for PBXProject "UnWindSegueDEmo" */ = {
			isa = XCConfigurationList;
			buildConfigurations = (
				CEDC3D042295662C007E40BC /* Debug */,
				CEDC3D052295662C007E40BC /* Release */,
			);
			defaultConfigurationIsVisible = 0;
			defaultConfigurationName = Release;
		};
		CEDC3D062295662C007E40BC /* Build configuration list for PBXNativeTarget "UnWindSegueDEmo" */ = {
			isa = XCConfigurationList;
			buildConfigurations = (
				CEDC3D072295662C007E40BC /* Debug */,
				CEDC3D082295662C007E40BC /* Release */,
			);
			defaultConfigurationIsVisible = 0;
			defaultConfigurationName = Release;
		};
/* End XCConfigurationList section */
	};
	rootObject = CEDC3CEC2295662B007E40BC /* Project object */;
}
